version = 1
revision = 3
requires-python = ">=3.14"
resolution-markers = [
    "platform_machine != 's390x'",
    "platform_machine == 's390x'",
]

[[package]]
name = "certifi"
version = "2022.12.7"
source = { registry = "https://download.pytorch.org/whl/xpu" }
wheels = [
    { url = "https://download.pytorch.org/whl/certifi-2022.12.7-py3-none-any.whl", hash = "sha256:4ad3232f5e926d6718ec31cfc1fcadfde020920e278684144551c91769c7bc18" },
]

[[package]]
name = "charset-normalizer"
version = "2.1.1"
source = { registry = "https://download.pytorch.org/whl/xpu" }
wheels = [
    { url = "https://download.pytorch.org/whl/charset_normalizer-2.1.1-py3-none-any.whl", hash = "sha256:83e9a75d1911279afd89352c68b45348559d1fc0506b054b346651b5e7fee29f" },
]

[[package]]
name = "colorama"
version = "0.4.6"
source = { registry = "https://download.pytorch.org/whl/xpu" }
wheels = [
    { url = "https://download.pytorch.org/whl/colorama-0.4.6-py2.py3-none-any.whl", hash = "sha256:4f1d9991f5acc0ca119f9d443620b77f9d6b33703e51011c16baf57afb285fc6" },
]

[[package]]
name = "diffusionui"
version = "0.1.0"
source = { virtual = "." }
dependencies = [
    { name = "huggingface-hub" },
    { name = "numpy" },
    { name = "openvino" },
    { name = "openvino-genai" },
    { name = "pillow" },
]

[package.metadata]
requires-dist = [
    { name = "huggingface-hub" },
    { name = "numpy", specifier = ">=2.2.6" },
    { name = "openvino", specifier = ">=2026.0.0" },
    { name = "openvino-genai", specifier = ">=2026.0.0.0" },
    { name = "pillow", specifier = ">=12.1.1" },
]

[[package]]
name = "filelock"
version = "3.25.2"
source = { registry = "https://download.pytorch.org/whl/xpu" }
sdist = { url = "https://files.pythonhosted.org/packages/94/b8/00651a0f559862f3bb7d6f7477b192afe3f583cc5e26403b44e59a55ab34/filelock-3.25.2.tar.gz", hash = "sha256:b64ece2b38f4ca29dd3e810287aa8c48182bbecd1ae6e9ae126c9b35f1382694" }
wheels = [
    { url = "https://files.pythonhosted.org/packages/a4/a5/842ae8f0c08b61d6484b52f99a03510a3a72d23141942d216ebe81fefbce/filelock-3.25.2-py3-none-any.whl", hash = "sha256:ca8afb0da15f229774c9ad1b455ed96e85a81373065fb10446672f64444ddf70" },
]

[[package]]
name = "fsspec"
version = "2026.2.0"
source = { registry = "https://download.pytorch.org/whl/xpu" }
sdist = { url = "https://files.pythonhosted.org/packages/51/7c/f60c259dcbf4f0c47cc4ddb8f7720d2dcdc8888c8e5ad84c73ea4531cc5b/fsspec-2026.2.0.tar.gz", hash = "sha256:6544e34b16869f5aacd5b90bdf1a71acb37792ea3ddf6125ee69a22a53fb8bff" }
wheels = [
    { url = "https://files.pythonhosted.org/packages/e6/ab/fb21f4c939bb440104cc2b396d3be1d9b7a9fd3c6c2a53d98c45b3d7c954/fsspec-2026.2.0-py3-none-any.whl", hash = "sha256:98de475b5cb3bd66bedd5c4679e87b4fdfe1a3bf4d707b151b3c07e58c9a2437" },
]

[[package]]
name = "hf-xet"
version = "1.4.2"
source = { registry = "https://pypi.org/simple" }
sdist = { url = "https://files.pythonhosted.org/packages/09/08/23c84a26716382c89151b5b447b4beb19e3345f3a93d3b73009a71a57ad3/hf_xet-1.4.2.tar.gz", hash = "sha256:b7457b6b482d9e0743bd116363239b1fa904a5e65deede350fbc0c4ea67c71ea", size = 672357, upload-time = "2026-03-13T06:58:51.077Z" }
wheels = [
    { url = "https://files.pythonhosted.org/packages/1e/0f/fcd2504015eab26358d8f0f232a1aed6b8d363a011adef83fe130bff88f7/hf_xet-1.4.2-cp314-cp314t-macosx_10_12_x86_64.whl", hash = "sha256:949dcf88b484bb9d9276ca83f6599e4aa03d493c08fc168c124ad10b2e6f75d7", size = 3796493, upload-time = "2026-03-13T06:58:39.267Z" },
    { url = "https://files.pythonhosted.org/packages/82/56/19c25105ff81731ca6d55a188b5de2aa99d7a2644c7aa9de1810d5d3b726/hf_xet-1.4.2-cp314-cp314t-macosx_11_0_arm64.whl", hash = "sha256:41659966020d59eb9559c57de2cde8128b706a26a64c60f0531fa2318f409418", size = 3555797, upload-time = "2026-03-13T06:58:37.546Z" },
    { url = "https://files.pythonhosted.org/packages/bf/e3/8933c073186849b5e06762aa89847991d913d10a95d1603eb7f2c3834086/hf_xet-1.4.2-cp314-cp314t-manylinux2014_x86_64.manylinux_2_17_x86_64.whl", hash = "sha256:5c588e21d80010119458dd5d02a69093f0d115d84e3467efe71ffb2c67c19146", size = 4212127, upload-time = "2026-03-13T06:58:30.539Z" },
    { url = "https://files.pythonhosted.org/packages/eb/01/f89ebba4e369b4ed699dcb60d3152753870996f41c6d22d3d7cac01310e1/hf_xet-1.4.2-cp314-cp314t-manylinux_2_28_aarch64.whl", hash = "sha256:a296744d771a8621ad1d50c098d7ab975d599800dae6d48528ba3944e5001ba0", size = 3987788, upload-time = "2026-03-13T06:58:29.139Z" },
    { url = "https://files.pythonhosted.org/packages/84/4d/8a53e5ffbc2cc33bbf755382ac1552c6d9af13f623ed125fe67cc3e6772f/hf_xet-1.4.2-cp314-cp314t-musllinux_1_2_aarch64.whl", hash = "sha256:f563f7efe49588b7d0629d18d36f46d1658fe7e08dce3fa3d6526e1c98315e2d", size = 4188315, upload-time = "2026-03-13T06:58:48.017Z" },
    { url = "https://files.pythonhosted.org/packages/d1/b8/b7a1c1b5592254bd67050632ebbc1b42cc48588bf4757cb03c2ef87e704a/hf_xet-1.4.2-cp314-cp314t-musllinux_1_2_x86_64.whl", hash = "sha256:5b2e0132c56d7ee1bf55bdb638c4b62e7106f6ac74f0b786fed499d5548c5570", size = 4428306, upload-time = "2026-03-13T06:58:49.502Z" },
    { url = "https://files.pythonhosted.org/packages/a0/0c/40779e45b20e11c7c5821a94135e0207080d6b3d76e7b78ccb413c6f839b/hf_xet-1.4.2-cp314-cp314t-win_amd64.whl", hash = "sha256:2f45c712c2fa1215713db10df6ac84b49d0e1c393465440e9cb1de73ecf7bbf6", size = 3665826, upload-time = "2026-03-13T06:58:59.88Z" },
    { url = "https://files.pythonhosted.org/packages/51/4c/e2688c8ad1760d7c30f7c429c79f35f825932581bc7c9ec811436d2f21a0/hf_xet-1.4.2-cp314-cp314t-win_arm64.whl", hash = "sha256:6d53df40616f7168abfccff100d232e9d460583b9d86fa4912c24845f192f2b8", size = 3529113, upload-time = "2026-03-13T06:58:58.491Z" },
    { url = "https://files.pythonhosted.org/packages/b4/86/b40b83a2ff03ef05c4478d2672b1fc2b9683ff870e2b25f4f3af240f2e7b/hf_xet-1.4.2-cp37-abi3-macosx_10_12_x86_64.whl", hash = "sha256:71f02d6e4cdd07f344f6844845d78518cc7186bd2bc52d37c3b73dc26a3b0bc5", size = 3800339, upload-time = "2026-03-13T06:58:36.245Z" },
    { url = "https://files.pythonhosted.org/packages/64/2e/af4475c32b4378b0e92a587adb1aa3ec53e3450fd3e5fe0372a874531c00/hf_xet-1.4.2-cp37-abi3-macosx_11_0_arm64.whl", hash = "sha256:e9b38d876e94d4bdcf650778d6ebbaa791dd28de08db9736c43faff06ede1b5a", size = 3559664, upload-time = "2026-03-13T06:58:34.787Z" },
    { url = "https://files.pythonhosted.org/packages/3c/4c/781267da3188db679e601de18112021a5cb16506fe86b246e22c5401a9c4/hf_xet-1.4.2-cp37-abi3-manylinux2014_x86_64.manylinux_2_17_x86_64.whl", hash = "sha256:77e8c180b7ef12d8a96739a4e1e558847002afe9ea63b6f6358b2271a8bdda1c", size = 4217422, upload-time = "2026-03-13T06:58:27.472Z" },
    { url = "https://files.pythonhosted.org/packages/68/47/d6cf4a39ecf6c7705f887a46f6ef5c8455b44ad9eb0d391aa7e8a2ff7fea/hf_xet-1.4.2-cp37-abi3-manylinux_2_28_aarch64.whl", hash = "sha256:c3b3c6a882016b94b6c210957502ff7877802d0dbda8ad142c8595db8b944271", size = 3992847, upload-time = "2026-03-13T06:58:25.989Z" },
    { url = "https://files.pythonhosted.org/packages/2d/ef/e80815061abff54697239803948abc665c6b1d237102c174f4f7a9a5ffc5/hf_xet-1.4.2-cp37-abi3-musllinux_1_2_aarch64.whl", hash = "sha256:9d9a634cc929cfbaf2e1a50c0e532ae8c78fa98618426769480c58501e8c8ac2", size = 4193843, upload-time = "2026-03-13T06:58:44.59Z" },
    { url = "https://files.pythonhosted.org/packages/54/75/07f6aa680575d9646c4167db6407c41340cbe2357f5654c4e72a1b01ca14/hf_xet-1.4.2-cp37-abi3-musllinux_1_2_x86_64.whl", hash = "sha256:6b0932eb8b10317ea78b7da6bab172b17be03bbcd7809383d8d5abd6a2233e04", size = 4432751, upload-time = "2026-03-13T06:58:46.533Z" },
    { url = "https://files.pythonhosted.org/packages/cd/71/193eabd7e7d4b903c4aa983a215509c6114915a5a237525ec562baddb868/hf_xet-1.4.2-cp37-abi3-win_amd64.whl", hash = "sha256:ad185719fb2e8ac26f88c8100562dbf9dbdcc3d9d2add00faa94b5f106aea53f", size = 3671149, upload-time = "2026-03-13T06:58:57.07Z" },
    { url = "https://files.pythonhosted.org/packages/b4/7e/ccf239da366b37ba7f0b36095450efae4a64980bdc7ec2f51354205fdf39/hf_xet-1.4.2-cp37-abi3-win_arm64.whl", hash = "sha256:32c012286b581f783653e718c1862aea5b9eb140631685bb0c5e7012c8719a87", size = 3533426, upload-time = "2026-03-13T06:58:55.46Z" },
]

[[package]]
name = "huggingface-hub"
version = "0.36.2"
source = { registry = "https://pypi.org/simple" }
dependencies = [
    { name = "filelock" },
    { name = "fsspec" },
    { name = "hf-xet", marker = "platform_machine == 'aarch64' or platform_machine == 'amd64' or platform_machine == 'arm64' or platform_machine == 'x86_64'" },
    { name = "packaging" },
    { name = "pyyaml" },
    { name = "requests" },
    { name = "tqdm" },
    { name = "typing-extensions" },
]
sdist = { url = "https://files.pythonhosted.org/packages/7c/b7/8cb61d2eece5fb05a83271da168186721c450eb74e3c31f7ef3169fa475b/huggingface_hub-0.36.2.tar.gz", hash = "sha256:1934304d2fb224f8afa3b87007d58501acfda9215b334eed53072dd5e815ff7a", size = 649782, upload-time = "2026-02-06T09:24:13.098Z" }
wheels = [
    { url = "https://files.pythonhosted.org/packages/a8/af/48ac8483240de756d2438c380746e7130d1c6f75802ef22f3c6d49982787/huggingface_hub-0.36.2-py3-none-any.whl", hash = "sha256:48f0c8eac16145dfce371e9d2d7772854a4f591bcb56c9cf548accf531d54270", size = 566395, upload-time = "2026-02-06T09:24:11.133Z" },
]

[[package]]
name = "idna"
version = "3.4"
source = { registry = "https://download.pytorch.org/whl/xpu" }
wheels = [
    { url = "https://download.pytorch.org/whl/idna-3.4-py3-none-any.whl", hash = "sha256:90b77e79eaa3eba6de819a0c442c0b4ceefc341a7a2ab77d7562bf49f425c5c2" },
]

[[package]]
name = "numpy"
version = "2.4.3"
source = { registry = "https://download.pytorch.org/whl/xpu" }
sdist = { url = "https://files.pythonhosted.org/packages/10/8b/c265f4823726ab832de836cdd184d0986dcf94480f81e8739692a7ac7af2/numpy-2.4.3.tar.gz", hash = "sha256:483a201202b73495f00dbc83796c6ae63137a9bdade074f7648b3e32613412dd" }
wheels = [
    { url = "https://files.pythonhosted.org/packages/70/ae/3936f79adebf8caf81bd7a599b90a561334a658be4dcc7b6329ebf4ee8de/numpy-2.4.3-cp314-cp314-macosx_10_15_x86_64.whl", hash = "sha256:5884ce5c7acfae1e4e1b6fde43797d10aa506074d25b531b4f54bde33c0c31d4" },
    { url = "https://files.pythonhosted.org/packages/9b/62/760f2b55866b496bb1fa7da2a6db076bef908110e568b02fcfc1422e2a3a/numpy-2.4.3-cp314-cp314-macosx_11_0_arm64.whl", hash = "sha256:297837823f5bc572c5f9379b0c9f3a3365f08492cbdc33bcc3af174372ebb168" },
    { url = "https://files.pythonhosted.org/packages/32/af/a7a39464e2c0a21526fb4fb76e346fb172ebc92f6d1c7a07c2c139cc17b1/numpy-2.4.3-cp314-cp314-macosx_14_0_arm64.whl", hash = "sha256:a111698b4a3f8dcbe54c64a7708f049355abd603e619013c346553c1fd4ca90b" },
    { url = "https://files.pythonhosted.org/packages/29/8c/2a0cf86a59558fa078d83805589c2de490f29ed4fb336c14313a161d358a/numpy-2.4.3-cp314-cp314-macosx_14_0_x86_64.whl", hash = "sha256:4bd4741a6a676770e0e97fe9ab2e51de01183df3dcbcec591d26d331a40de950" },
    { url = "https://files.pythonhosted.org/packages/aa/b8/612ce010c0728b1c363fa4ea3aa4c22fe1c5da1de008486f8c2f5cb92fae/numpy-2.4.3-cp314-cp314-manylinux_2_27_aarch64.manylinux_2_28_aarch64.whl", hash = "sha256:54f29b877279d51e210e0c80709ee14ccbbad647810e8f3d375561c45ef613dd" },
    { url = "https://files.pythonhosted.org/packages/a9/7e/4f120ecc54ba26ddf3dc348eeb9eb063f421de65c05fc961941798feea18/numpy-2.4.3-cp314-cp314-manylinux_2_27_x86_64.manylinux_2_28_x86_64.whl", hash = "sha256:679f2a834bae9020f81534671c56fd0cc76dd7e5182f57131478e23d0dc59e24" },
    { url = "https://files.pythonhosted.org/packages/2c/86/1b6020db73be330c4b45d5c6ee4295d59cfeef0e3ea323959d053e5a6909/numpy-2.4.3-cp314-cp314-musllinux_1_2_aarch64.whl", hash = "sha256:d84f0f881cb2225c2dfd7f78a10a5645d487a496c6668d6cc39f0f114164f3d0" },
    { url = "https://files.pythonhosted.org/packages/07/3a/3b90463bf41ebc21d1b7e06079f03070334374208c0f9a1f05e4ae8455e7/numpy-2.4.3-cp314-cp314-musllinux_1_2_x86_64.whl", hash = "sha256:d213c7e6e8d211888cc359bab7199670a00f5b82c0978b9d1c75baf1eddbeac0" },
    { url = "https://files.pythonhosted.org/packages/a8/74/6d736c4cd962259fd8bae9be27363eb4883a2f9069763747347544c2a487/numpy-2.4.3-cp314-cp314-win32.whl", hash = "sha256:52077feedeff7c76ed7c9f1a0428558e50825347b7545bbb8523da2cd55c547a" },
    { url = "https://files.pythonhosted.org/packages/48/39/c56ef87af669364356bb011922ef0734fc49dad51964568634c72a009488/numpy-2.4.3-cp314-cp314-win_amd64.whl", hash = "sha256:0448e7f9caefb34b4b7dd2b77f21e8906e5d6f0365ad525f9f4f530b13df2afc" },
    { url = "https://files.pythonhosted.org/packages/9d/1f/ab8528e38d295fd349310807496fabb7cf9fe2e1f70b97bc20a483ea9d4a/numpy-2.4.3-cp314-cp314-win_arm64.whl", hash = "sha256:b44fd60341c4d9783039598efadd03617fa28d041fc37d22b62d08f2027fa0e7" },
    { url = "https://files.pythonhosted.org/packages/e6/ef/b7c35e4d5ef141b836658ab21a66d1a573e15b335b1d111d31f26c8ef80f/numpy-2.4.3-cp314-cp314t-macosx_11_0_arm64.whl", hash = "sha256:0a195f4216be9305a73c0e91c9b026a35f2161237cf1c6de9b681637772ea657" },
    { url = "https://files.pythonhosted.org/packages/cd/8d/7730fa9278cf6648639946cc816e7cc89f0d891602584697923375f801ed/numpy-2.4.3-cp314-cp314t-macosx_14_0_arm64.whl", hash = "sha256:cd32fbacb9fd1bf041bf8e89e4576b6f00b895f06d00914820ae06a616bdfef7" },
    { url = "https://files.pythonhosted.org/packages/47/01/d2a137317c958b074d338807c1b6a383406cdf8b8e53b075d804cc3d211d/numpy-2.4.3-cp314-cp314t-macosx_14_0_x86_64.whl", hash = "sha256:2e03c05abaee1f672e9d67bc858f300b5ccba1c21397211e8d77d98350972093" },
    { url = "https://files.pythonhosted.org/packages/5c/34/812ce12bc0f00272a4b0ec0d713cd237cb390666eb6206323d1cc9cedbb2/numpy-2.4.3-cp314-cp314t-manylinux_2_27_aarch64.manylinux_2_28_aarch64.whl", hash = "sha256:7d1ce23cce91fcea443320a9d0ece9b9305d4368875bab09538f7a5b4131938a" },
    { url = "https://files.pythonhosted.org/packages/25/c0/2aed473a4823e905e765fee3dc2cbf504bd3e68ccb1150fbdabd5c39f527/numpy-2.4.3-cp314-cp314t-manylinux_2_27_x86_64.manylinux_2_28_x86_64.whl", hash = "sha256:c59020932feb24ed49ffd03704fbab89f22aa9c0d4b180ff45542fe8918f5611" },
    { url = "https://files.pythonhosted.org/packages/f2/c8/7e052b2fc87aa0e86de23f20e2c42bd261c624748aa8efd2c78f7bb8d8c6/numpy-2.4.3-cp314-cp314t-musllinux_1_2_aarch64.whl", hash = "sha256:9684823a78a6cd6ad7511fc5e25b07947d1d5b5e2812c93fe99d7d4195130720" },
    { url = "https://files.pythonhosted.org/packages/f3/3d/0876746044db2adcb11549f214d104f2e1be00f07a67edbb4e2812094847/numpy-2.4.3-cp314-cp314t-musllinux_1_2_x86_64.whl", hash = "sha256:0200b25c687033316fb39f0ff4e3e690e8957a2c3c8d22499891ec58c37a3eb5" },
    { url = "https://files.pythonhosted.org/packages/07/12/8160bea39da3335737b10308df4f484235fd297f556745f13092aa039d3b/numpy-2.4.3-cp314-cp314t-win32.whl", hash = "sha256:5e10da9e93247e554bb1d22f8edc51847ddd7dde52d85ce31024c1b4312bfba0" },
    { url = "https://files.pythonhosted.org/packages/42/f3/76534f61f80d74cc9cdf2e570d3d4eeb92c2280a27c39b0aaf471eda7b48/numpy-2.4.3-cp314-cp314t-win_amd64.whl", hash = "sha256:45f003dbdffb997a03da2d1d0cb41fbd24a87507fb41605c0420a3db5bd4667b" },
    { url = "https://files.pythonhosted.org/packages/1f/b6/7c0d4334c15983cec7f92a69e8ce9b1e6f31857e5ee3a413ac424e6bd63d/numpy-2.4.3-cp314-cp314t-win_arm64.whl", hash = "sha256:4d382735cecd7bcf090172489a525cd7d4087bc331f7df9f60ddc9a296cf208e" },
]

[[package]]
name = "openvino"
version = "2026.0.0"
source = { registry = "https://pypi.org/simple" }
dependencies = [
    { name = "numpy" },
    { name = "openvino-telemetry" },
]
wheels = [
    { url = "https://files.pythonhosted.org/packages/7f/0c/26a4efd110f4cef5830c60e8c4cce1aad796526e01af32013297f944bb2d/openvino-2026.0.0-20965-cp314-cp314-macosx_11_0_arm64.whl", hash = "sha256:f4ef8ddaece0d0815ec7aa6b41390c23551b5a51572cdd46e0136558b2e2d489", size = 30835617, upload-time = "2026-02-23T16:10:56.307Z" },
    { url = "https://files.pythonhosted.org/packages/fe/8e/52df01e8687f4711259729433226219c6839a0495988ddeb7e27af59aba8/openvino-2026.0.0-20965-cp314-cp314-manylinux_2_28_x86_64.whl", hash = "sha256:79ce4b5d7f3a7f84de878752d97620b84e0c4a8ee550fb3bca9fc36fe5669450", size = 53449059, upload-time = "2026-02-23T16:10:59.54Z" },
    { url = "https://files.pythonhosted.org/packages/f7/a8/bc8e75d3f75ee2529a12be9522f52a8d0e5614f24c00f95a20b69f587d3c/openvino-2026.0.0-20965-cp314-cp314-win_amd64.whl", hash = "sha256:6d33440d290e67836825418134ecf9e17f150d50d3d9c07cf481997f5b1f0e6d", size = 69165824, upload-time = "2026-02-23T16:11:03.127Z" },
    { url = "https://files.pythonhosted.org/packages/2c/f1/4c0278d333269fff90ee2b9a46ee2c90de4768030393b3d1f079aadb56f7/openvino-2026.0.0-20965-cp314-cp314t-macosx_11_0_arm64.whl", hash = "sha256:b0b8c48d8b033e89a304e0305b2789557793445483d3f86b22a1e177a3da7b2d", size = 31056358, upload-time = "2026-02-23T16:11:06.113Z" },
    { url = "https://files.pythonhosted.org/packages/a8/06/1a2caa07bfcb4e057048b8d5515a7aff35a2aa53ab5379762c1685cbeacc/openvino-2026.0.0-20965-cp314-cp314t-manylinux_2_28_x86_64.whl", hash = "sha256:8cbe36e0dacd8676eb69c9a4b564fa430d784f6e2b0e18e7ebc363599256c184", size = 53502042, upload-time = "2026-02-23T16:11:09.744Z" },
    { url = "https://files.pythonhosted.org/packages/2c/dd/6a05a399d90ad4e8b15e0d5a4dd7de90c10484cb1585bd65e7e69e779762/openvino-2026.0.0-20965-cp314-cp314t-win_amd64.whl", hash = "sha256:a9e5524322c42f6a1283148fb70085aba8640a7d3067ede896085abbff5e33fe", size = 69325734, upload-time = "2026-02-23T16:11:13.283Z" },
]

[[package]]
name = "openvino-genai"
version = "2026.0.0.0"
source = { registry = "https://pypi.org/simple" }
dependencies = [
    { name = "openvino-tokenizers" },
]
wheels = [
    { url = "https://files.pythonhosted.org/packages/49/6a/6323a3037d175249aca6faca3866fe53571e544c6e8887f315b90bc8473e/openvino_genai-2026.0.0.0-2050-cp314-cp314-macosx_11_0_arm64.whl", hash = "sha256:c8937662f61999193500f56a8acb85d29283b1ed71de6505ed87d53d8b72ffe5", size = 3363754, upload-time = "2026-02-23T16:17:38.975Z" },
    { url = "https://files.pythonhosted.org/packages/af/09/18e678f2d0ac4ee993244d3cf0e6a80ec7013add2972153ad355d889d8cc/openvino_genai-2026.0.0.0-2050-cp314-cp314-manylinux_2_28_x86_64.whl", hash = "sha256:77b73d1947d7f62a672857ef35d187074c6918de1db1d3f981452c2d67511c13", size = 4931196, upload-time = "2026-02-23T16:17:40.423Z" },
    { url = "https://files.pythonhosted.org/packages/a4/be/3f02a70a16147b08b933908ef1c8af930ecd5c65ba78e14f988112d3d691/openvino_genai-2026.0.0.0-2050-cp314-cp314-win_amd64.whl", hash = "sha256:c59aeab5993c78194dc552cc9249bab509f7e44b1fb2f0d5a90c5e61869f06b8", size = 2900527, upload-time = "2026-02-23T16:17:43.244Z" },
    { url = "https://files.pythonhosted.org/packages/b9/34/2c8095ddec5d39ce942bc5c6a5d9f2927cd6e8678770ada413ca3562f365/openvino_genai-2026.0.0.0-2050-cp314-cp314t-macosx_11_0_arm64.whl", hash = "sha256:ab244097c372dfe7e8294ccf523b20fcf2051e5b01ff1eb6f93830f438c7a612", size = 3443757, upload-time = "2026-02-23T16:17:44.592Z" },
    { url = "https://files.pythonhosted.org/packages/6d/e8/7da6a1b86e3178e825560442ea4460ba4c92bb417fb8edda9e2210febec6/openvino_genai-2026.0.0.0-2050-cp314-cp314t-manylinux_2_28_x86_64.whl", hash = "sha256:d807c5cabdea20bab2199ffa736831f57baaf0571e80d19cf4b65004f6b00747", size = 4943971, upload-time = "2026-02-23T16:17:46.021Z" },
    { url = "https://files.pythonhosted.org/packages/e3/19/221256ce3b0276bb3ba3ce7e8fc57b2968a662c2acde7427c342d917867f/openvino_genai-2026.0.0.0-2050-cp314-cp314t-win_amd64.whl", hash = "sha256:bb537f5a65203eee12326e6bb9578e834d96d94ab3fa48c806990ef04a455935", size = 2900592, upload-time = "2026-02-23T16:17:47.452Z" },
]

[[package]]
name = "openvino-telemetry"
version = "2025.2.0"
source = { registry = "https://pypi.org/simple" }
sdist = { url = "https://files.pythonhosted.org/packages/71/8a/89d82f1a9d913fb266c2e6dc2f6030935db24b7152963a8db6c4f039787f/openvino_telemetry-2025.2.0.tar.gz", hash = "sha256:8bf8127218e51e99547bf38b8fb85a8b31c9bf96e6f3a82eb0b3b6a34155977c", size = 18894, upload-time = "2025-07-07T10:29:51.159Z" }
wheels = [
    { url = "https://files.pythonhosted.org/packages/3b/ac/5ab0ca0aa269ad3c73f7bfc3801b10e5f56f75a31bf68c1ae8bd51cf70a4/openvino_telemetry-2025.2.0-py3-none-any.whl", hash = "sha256:bcb667e83a44f202ecf4cfa49281715c6d7e21499daec04ff853b7f964833599", size = 25227, upload-time = "2025-07-07T10:29:50.189Z" },
]

[[package]]
name = "openvino-tokenizers"
version = "2026.0.0.0"
source = { registry = "https://pypi.org/simple" }
dependencies = [
    { name = "openvino" },
]
wheels = [
    { url = "https://files.pythonhosted.org/packages/9f/0c/f65f9daf32cf7599bbc5e746d2b25d16998fa2186d954b7e809675268953/openvino_tokenizers-2026.0.0.0-py3-none-macosx_11_0_arm64.whl", hash = "sha256:57f549d14ca9c3bdb3006ed5bbdfad51abe976aca3116fc3c0fdcc2cb8af3557", size = 13715725, upload-time = "2026-02-23T16:12:11.271Z" },
    { url = "https://files.pythonhosted.org/packages/45/22/2b976c129d43b214034a16a999d54eb659d5b2f15c12b2be52ab44e3235d/openvino_tokenizers-2026.0.0.0-py3-none-manylinux_2_28_x86_64.whl", hash = "sha256:84ee496d9fe4ff7866ed9a1370cb71bf3af9526601a701c59d269854a2b0dfc7", size = 13693316, upload-time = "2026-02-23T16:12:13.41Z" },
    { url = "https://files.pythonhosted.org/packages/0c/41/9578c1117df3ca5f9a42b4385fd114afebc9c70f23e2203d18d46ea62cfb/openvino_tokenizers-2026.0.0.0-py3-none-manylinux_2_31_aarch64.whl", hash = "sha256:8242ff4d3653216704b3c1297b91d7fe57cb62147f83cd411ee6a7493b15bb0b", size = 13594756, upload-time = "2026-02-23T16:12:16.497Z" },
    { url = "https://files.pythonhosted.org/packages/24/86/4e7428a2fb350311a7f616c897ee1427d70cd814a2d64b2af9efb81fb881/openvino_tokenizers-2026.0.0.0-py3-none-win_amd64.whl", hash = "sha256:90f77c203c40623733e867754b952e8f0b86d9c86782abdbe9cf4bf2c82ce693", size = 13988492, upload-time = "2026-02-23T16:12:19.586Z" },
]

[[package]]
name = "packaging"
version = "24.1"
source = { registry = "https://download.pytorch.org/whl/xpu" }
wheels = [
    { url = "https://download.pytorch.org/whl/packaging-24.1-py3-none-any.whl", hash = "sha256:5b8f2217dbdbd2f7f384c41c628544e6d52f2d0f53c6d0c3ea61aa5d1d7ff124" },
]

[[package]]
name = "pillow"
version = "12.1.1"
source = { registry = "https://download.pytorch.org/whl/xpu" }
sdist = { url = "https://files.pythonhosted.org/packages/1f/42/5c74462b4fd957fcd7b13b04fb3205ff8349236ea74c7c375766d6c82288/pillow-12.1.1.tar.gz", hash = "sha256:9ad8fa5937ab05218e2b6a4cff30295ad35afd2f83ac592e68c0d871bb0fdbc4" }
wheels = [
    { url = "https://files.pythonhosted.org/packages/03/d0/bebb3ffbf31c5a8e97241476c4cf8b9828954693ce6744b4a2326af3e16b/pillow-12.1.1-cp314-cp314-ios_13_0_arm64_iphoneos.whl", hash = "sha256:417423db963cb4be8bac3fc1204fe61610f6abeed1580a7a2cbb2fbda20f12af" },
    { url = "https://files.pythonhosted.org/packages/2d/c0/0e16fb0addda4851445c28f8350d8c512f09de27bbb0d6d0bbf8b6709605/pillow-12.1.1-cp314-cp314-ios_13_0_arm64_iphonesimulator.whl", hash = "sha256:b957b71c6b2387610f556a7eb0828afbe40b4a98036fc0d2acfa5a44a0c2036f" },
    { url = "https://files.pythonhosted.org/packages/6b/fb/6170ec655d6f6bb6630a013dd7cf7bc218423d7b5fa9071bf63dc32175ae/pillow-12.1.1-cp314-cp314-ios_13_0_x86_64_iphonesimulator.whl", hash = "sha256:097690ba1f2efdeb165a20469d59d8bb03c55fb6621eb2041a060ae8ea3e9642" },
    { url = "https://files.pythonhosted.org/packages/59/04/dc5c3f297510ba9a6837cbb318b87dd2b8f73eb41a43cc63767f65cb599c/pillow-12.1.1-cp314-cp314-macosx_10_15_x86_64.whl", hash = "sha256:2815a87ab27848db0321fb78c7f0b2c8649dee134b7f2b80c6a45c6831d75ccd" },
    { url = "https://files.pythonhosted.org/packages/05/30/5db1236b0d6313f03ebf97f5e17cda9ca060f524b2fcc875149a8360b21c/pillow-12.1.1-cp314-cp314-macosx_11_0_arm64.whl", hash = "sha256:f7ed2c6543bad5a7d5530eb9e78c53132f93dfa44a28492db88b41cdab885202" },
    { url = "https://files.pythonhosted.org/packages/6f/18/008d2ca0eb612e81968e8be0bbae5051efba24d52debf930126d7eaacbba/pillow-12.1.1-cp314-cp314-manylinux2014_aarch64.manylinux_2_17_aarch64.whl", hash = "sha256:652a2c9ccfb556235b2b501a3a7cf3742148cd22e04b5625c5fe057ea3e3191f" },
    { url = "https://files.pythonhosted.org/packages/70/f1/f14d5b8eeb4b2cd62b9f9f847eb6605f103df89ef619ac68f92f748614ea/pillow-12.1.1-cp314-cp314-manylinux2014_x86_64.manylinux_2_17_x86_64.whl", hash = "sha256:d6e4571eedf43af33d0fc233a382a76e849badbccdf1ac438841308652a08e1f" },
    { url = "https://files.pythonhosted.org/packages/5a/d6/17824509146e4babbdabf04d8171491fa9d776f7061ff6e727522df9bd03/pillow-12.1.1-cp314-cp314-manylinux_2_27_aarch64.manylinux_2_28_aarch64.whl", hash = "sha256:b574c51cf7d5d62e9be37ba446224b59a2da26dc4c1bb2ecbe936a4fb1a7cb7f" },
    { url = "https://files.pythonhosted.org/packages/d1/ee/c85a38a9ab92037a75615aba572c85ea51e605265036e00c5b67dfafbfe2/pillow-12.1.1-cp314-cp314-manylinux_2_27_x86_64.manylinux_2_28_x86_64.whl", hash = "sha256:a37691702ed687799de29a518d63d4682d9016932db66d4e90c345831b02fb4e" },
    { url = "https://files.pythonhosted.org/packages/ec/f3/bc8ccc6e08a148290d7523bde4d9a0d6c981db34631390dc6e6ec34cacf6/pillow-12.1.1-cp314-cp314-musllinux_1_2_aarch64.whl", hash = "sha256:f95c00d5d6700b2b890479664a06e754974848afaae5e21beb4d83c106923fd0" },
    { url = "https://files.pythonhosted.org/packages/f6/ab/69a42656adb1d0665ab051eec58a41f169ad295cf81ad45406963105408f/pillow-12.1.1-cp314-cp314-musllinux_1_2_x86_64.whl", hash = "sha256:559b38da23606e68681337ad74622c4dbba02254fc9cb4488a305dd5975c7eeb" },
    { url = "https://files.pythonhosted.org/packages/02/46/81f7aa8941873f0f01d4b55cc543b0a3d03ec2ee30d617a0448bf6bd6dec/pillow-12.1.1-cp314-cp314-win32.whl", hash = "sha256:03edcc34d688572014ff223c125a3f77fb08091e4607e7745002fc214070b35f" },
    { url = "https://files.pythonhosted.org/packages/40/72/4c245f7d1044b67affc7f134a09ea619d4895333d35322b775b928180044/pillow-12.1.1-cp314-cp314-win_amd64.whl", hash = "sha256:50480dcd74fa63b8e78235957d302d98d98d82ccbfac4c7e12108ba9ecbdba15" },
    { url = "https://files.pythonhosted.org/packages/e4/ad/8a87bdbe038c5c698736e3348af5c2194ffb872ea52f11894c95f9305435/pillow-12.1.1-cp314-cp314-win_arm64.whl", hash = "sha256:5cb1785d97b0c3d1d1a16bc1d710c4a0049daefc4935f3a8f31f827f4d3d2e7f" },
    { url = "https://files.pythonhosted.org/packages/6c/9d/efd18493f9de13b87ede7c47e69184b9e859e4427225ea962e32e56a49bc/pillow-12.1.1-cp314-cp314t-macosx_10_15_x86_64.whl", hash = "sha256:1f90cff8aa76835cba5769f0b3121a22bd4eb9e6884cfe338216e557a9a548b8" },
    { url = "https://files.pythonhosted.org/packages/f8/f1/4f42eb2b388eb2ffc660dcb7f7b556c1015c53ebd5f7f754965ef997585b/pillow-12.1.1-cp314-cp314t-macosx_11_0_arm64.whl", hash = "sha256:1f1be78ce9466a7ee64bfda57bdba0f7cc499d9794d518b854816c41bf0aa4e9" },
    { url = "https://files.pythonhosted.org/packages/01/54/df6ef130fa43e4b82e32624a7b821a2be1c5653a5fdad8469687a7db4e00/pillow-12.1.1-cp314-cp314t-manylinux2014_aarch64.manylinux_2_17_aarch64.whl", hash = "sha256:42fc1f4677106188ad9a55562bbade416f8b55456f522430fadab3cef7cd4e60" },
    { url = "https://files.pythonhosted.org/packages/a9/48/618752d06cc44bb4aae8ce0cd4e6426871929ed7b46215638088270d9b34/pillow-12.1.1-cp314-cp314t-manylinux2014_x86_64.manylinux_2_17_x86_64.whl", hash = "sha256:98edb152429ab62a1818039744d8fbb3ccab98a7c29fc3d5fcef158f3f1f68b7" },
    { url = "https://files.pythonhosted.org/packages/c3/bd/f1d71eb39a72fa088d938655afba3e00b38018d052752f435838961127d8/pillow-12.1.1-cp314-cp314t-manylinux_2_27_aarch64.manylinux_2_28_aarch64.whl", hash = "sha256:d470ab1178551dd17fdba0fef463359c41aaa613cdcd7ff8373f54be629f9f8f" },
    { url = "https://files.pythonhosted.org/packages/64/ef/c784e20b96674ed36a5af839305f55616f8b4f8aa8eeccf8531a6e312243/pillow-12.1.1-cp314-cp314t-manylinux_2_27_x86_64.manylinux_2_28_x86_64.whl", hash = "sha256:6408a7b064595afcab0a49393a413732a35788f2a5092fdc6266952ed67de586" },
    { url = "https://files.pythonhosted.org/packages/73/cb/8059688b74422ae61278202c4e1ad992e8a2e7375227be0a21c6b87ca8d5/pillow-12.1.1-cp314-cp314t-musllinux_1_2_aarch64.whl", hash = "sha256:5d8c41325b382c07799a3682c1c258469ea2ff97103c53717b7893862d0c98ce" },
    { url = "https://files.pythonhosted.org/packages/c6/da/e3c008ed7d2dd1f905b15949325934510b9d1931e5df999bb15972756818/pillow-12.1.1-cp314-cp314t-musllinux_1_2_x86_64.whl", hash = "sha256:c7697918b5be27424e9ce568193efd13d925c4481dd364e43f5dff72d33e10f8" },
    { url = "https://files.pythonhosted.org/packages/01/4a/9202e8d11714c1fc5951f2e1ef362f2d7fbc595e1f6717971d5dd750e969/pillow-12.1.1-cp314-cp314t-win32.whl", hash = "sha256:d2912fd8114fc5545aa3a4b5576512f64c55a03f3ebcca4c10194d593d43ea36" },
    { url = "https://files.pythonhosted.org/packages/f3/ca/cbce2327eb9885476b3957b2e82eb12c866a8b16ad77392864ad601022ce/pillow-12.1.1-cp314-cp314t-win_amd64.whl", hash = "sha256:4ceb838d4bd9dab43e06c363cab2eebf63846d6a4aeaea283bbdfd8f1a8ed58b" },
    { url = "https://files.pythonhosted.org/packages/ec/d2/de599c95ba0a973b94410477f8bf0b6f0b5e67360eb89bcb1ad365258beb/pillow-12.1.1-cp314-cp314t-win_arm64.whl", hash = "sha256:7b03048319bfc6170e93bd60728a1af51d3dd7704935feb228c4d4faab35d334" },
]

[[package]]
name = "pyyaml"
version = "6.0.3"
source = { registry = "https://pypi.org/simple" }
sdist = { url = "https://files.pythonhosted.org/packages/05/8e/961c0007c59b8dd7729d542c61a4d537767a59645b82a0b521206e1e25c2/pyyaml-6.0.3.tar.gz", hash = "sha256:d76623373421df22fb4cf8817020cbb7ef15c725b9d5e45f17e189bfc384190f", size = 130960, upload-time = "2025-09-25T21:33:16.546Z" }
wheels = [
    { url = "https://files.pythonhosted.org/packages/9d/8c/f4bd7f6465179953d3ac9bc44ac1a8a3e6122cf8ada906b4f96c60172d43/pyyaml-6.0.3-cp314-cp314-macosx_10_13_x86_64.whl", hash = "sha256:8d1fab6bb153a416f9aeb4b8763bc0f22a5586065f86f7664fc23339fc1c1fac", size = 181814, upload-time = "2025-09-25T21:32:35.712Z" },
    { url = "https://files.pythonhosted.org/packages/bd/9c/4d95bb87eb2063d20db7b60faa3840c1b18025517ae857371c4dd55a6b3a/pyyaml-6.0.3-cp314-cp314-macosx_11_0_arm64.whl", hash = "sha256:34d5fcd24b8445fadc33f9cf348c1047101756fd760b4dacb5c3e99755703310", size = 173809, upload-time = "2025-09-25T21:32:36.789Z" },
    { url = "https://files.pythonhosted.org/packages/92/b5/47e807c2623074914e29dabd16cbbdd4bf5e9b2db9f8090fa64411fc5382/pyyaml-6.0.3-cp314-cp314-manylinux2014_aarch64.manylinux_2_17_aarch64.manylinux_2_28_aarch64.whl", hash = "sha256:501a031947e3a9025ed4405a168e6ef5ae3126c59f90ce0cd6f2bfc477be31b7", size = 766454, upload-time = "2025-09-25T21:32:37.966Z" },
    { url = "https://files.pythonhosted.org/packages/02/9e/e5e9b168be58564121efb3de6859c452fccde0ab093d8438905899a3a483/pyyaml-6.0.3-cp314-cp314-manylinux2014_s390x.manylinux_2_17_s390x.manylinux_2_28_s390x.whl", hash = "sha256:b3bc83488de33889877a0f2543ade9f70c67d66d9ebb4ac959502e12de895788", size = 836355, upload-time = "2025-09-25T21:32:39.178Z" },
    { url = "https://files.pythonhosted.org/packages/88/f9/16491d7ed2a919954993e48aa941b200f38040928474c9e85ea9e64222c3/pyyaml-6.0.3-cp314-cp314-manylinux2014_x86_64.manylinux_2_17_x86_64.manylinux_2_28_x86_64.whl", hash = "sha256:c458b6d084f9b935061bc36216e8a69a7e293a2f1e68bf956dcd9e6cbcd143f5", size = 794175, upload-time = "2025-09-25T21:32:40.865Z" },
    { url = "https://files.pythonhosted.org/packages/dd/3f/5989debef34dc6397317802b527dbbafb2b4760878a53d4166579111411e/pyyaml-6.0.3-cp314-cp314-musllinux_1_2_aarch64.whl", hash = "sha256:7c6610def4f163542a622a73fb39f534f8c101d690126992300bf3207eab9764", size = 755228, upload-time = "2025-09-25T21:32:42.084Z" },
    { url = "https://files.pythonhosted.org/packages/d7/ce/af88a49043cd2e265be63d083fc75b27b6ed062f5f9fd6cdc223ad62f03e/pyyaml-6.0.3-cp314-cp314-musllinux_1_2_x86_64.whl", hash = "sha256:5190d403f121660ce8d1d2c1bb2ef1bd05b5f68533fc5c2ea899bd15f4399b35", size = 789194, upload-time = "2025-09-25T21:32:43.362Z" },
    { url = "https://files.pythonhosted.org/packages/23/20/bb6982b26a40bb43951265ba29d4c246ef0ff59c9fdcdf0ed04e0687de4d/pyyaml-6.0.3-cp314-cp314-win_amd64.whl", hash = "sha256:4a2e8cebe2ff6ab7d1050ecd59c25d4c8bd7e6f400f5f82b96557ac0abafd0ac", size = 156429, upload-time = "2025-09-25T21:32:57.844Z" },
    { url = "https://files.pythonhosted.org/packages/f4/f4/a4541072bb9422c8a883ab55255f918fa378ecf083f5b85e87fc2b4eda1b/pyyaml-6.0.3-cp314-cp314-win_arm64.whl", hash = "sha256:93dda82c9c22deb0a405ea4dc5f2d0cda384168e466364dec6255b293923b2f3", size = 143912, upload-time = "2025-09-25T21:32:59.247Z" },
    { url = "https://files.pythonhosted.org/packages/7c/f9/07dd09ae774e4616edf6cda684ee78f97777bdd15847253637a6f052a62f/pyyaml-6.0.3-cp314-cp314t-macosx_10_13_x86_64.whl", hash = "sha256:02893d100e99e03eda1c8fd5c441d8c60103fd175728e23e431db1b589cf5ab3", size = 189108, upload-time = "2025-09-25T21:32:44.377Z" },
    { url = "https://files.pythonhosted.org/packages/4e/78/8d08c9fb7ce09ad8c38ad533c1191cf27f7ae1effe5bb9400a46d9437fcf/pyyaml-6.0.3-cp314-cp314t-macosx_11_0_arm64.whl", hash = "sha256:c1ff362665ae507275af2853520967820d9124984e0f7466736aea23d8611fba", size = 183641, upload-time = "2025-09-25T21:32:45.407Z" },
    { url = "https://files.pythonhosted.org/packages/7b/5b/3babb19104a46945cf816d047db2788bcaf8c94527a805610b0289a01c6b/pyyaml-6.0.3-cp314-cp314t-manylinux2014_aarch64.manylinux_2_17_aarch64.manylinux_2_28_aarch64.whl", hash = "sha256:6adc77889b628398debc7b65c073bcb99c4a0237b248cacaf3fe8a557563ef6c", size = 831901, upload-time = "2025-09-25T21:32:48.83Z" },
    { url = "https://files.pythonhosted.org/packages/8b/cc/dff0684d8dc44da4d22a13f35f073d558c268780ce3c6ba1b87055bb0b87/pyyaml-6.0.3-cp314-cp314t-manylinux2014_s390x.manylinux_2_17_s390x.manylinux_2_28_s390x.whl", hash = "sha256:a80cb027f6b349846a3bf6d73b5e95e782175e52f22108cfa17876aaeff93702", size = 861132, upload-time = "2025-09-25T21:32:50.149Z" },
    { url = "https://files.pythonhosted.org/packages/b1/5e/f77dc6b9036943e285ba76b49e118d9ea929885becb0a29ba8a7c75e29fe/pyyaml-6.0.3-cp314-cp314t-manylinux2014_x86_64.manylinux_2_17_x86_64.manylinux_2_28_x86_64.whl", hash = "sha256:00c4bdeba853cc34e7dd471f16b4114f4162dc03e6b7afcc2128711f0eca823c", size = 839261, upload-time = "2025-09-25T21:32:51.808Z" },
    { url = "https://files.pythonhosted.org/packages/ce/88/a9db1376aa2a228197c58b37302f284b5617f56a5d959fd1763fb1675ce6/pyyaml-6.0.3-cp314-cp314t-musllinux_1_2_aarch64.whl", hash = "sha256:66e1674c3ef6f541c35191caae2d429b967b99e02040f5ba928632d9a7f0f065", size = 805272, upload-time = "2025-09-25T21:32:52.941Z" },
    { url = "https://files.pythonhosted.org/packages/da/92/1446574745d74df0c92e6aa4a7b0b3130706a4142b2d1a5869f2eaa423c6/pyyaml-6.0.3-cp314-cp314t-musllinux_1_2_x86_64.whl", hash = "sha256:16249ee61e95f858e83976573de0f5b2893b3677ba71c9dd36b9cf8be9ac6d65", size = 829923, upload-time = "2025-09-25T21:32:54.537Z" },
    { url = "https://files.pythonhosted.org/packages/f0/7a/1c7270340330e575b92f397352af856a8c06f230aa3e76f86b39d01b416a/pyyaml-6.0.3-cp314-cp314t-win_amd64.whl", hash = "sha256:4ad1906908f2f5ae4e5a8ddfce73c320c2a1429ec52eafd27138b7f1cbe341c9", size = 174062, upload-time = "2025-09-25T21:32:55.767Z" },
    { url = "https://files.pythonhosted.org/packages/f1/12/de94a39c2ef588c7e6455cfbe7343d3b2dc9d6b6b2f40c4c6565744c873d/pyyaml-6.0.3-cp314-cp314t-win_arm64.whl", hash = "sha256:ebc55a14a21cb14062aa4162f906cd962b28e2e9ea38f9b4391244cd8de4ae0b", size = 149341, upload-time = "2025-09-25T21:32:56.828Z" },
]

[[package]]
name = "requests"
version = "2.28.1"
source = { registry = "https://download.pytorch.org/whl/xpu" }
dependencies = [
    { name = "certifi" },
    { name = "charset-normalizer" },
    { name = "idna" },
    { name = "urllib3" },
]
wheels = [
    { url = "https://download.pytorch.org/whl/requests-2.28.1-py3-none-any.whl", hash = "sha256:8fefa2a1a1365bf5520aac41836fbee479da67864514bdb821f31ce07ce65349" },
]

[[package]]
name = "tqdm"
version = "4.66.5"
source = { registry = "https://download.pytorch.org/whl/xpu" }
dependencies = [
    { name = "colorama", marker = "sys_platform == 'win32'" },
]
wheels = [
    { url = "https://download.pytorch.org/whl/tqdm-4.66.5-py3-none-any.whl", hash = "sha256:90279a3770753eafc9194a0364852159802111925aa30eb3f9d85b0e805ac7cd" },
]

[[package]]
name = "typing-extensions"
version = "4.15.0"
source = { registry = "https://download.pytorch.org/whl/xpu" }
wheels = [
    { url = "https://download.pytorch.org/whl/typing_extensions-4.15.0-py3-none-any.whl" },
]

[[package]]
name = "urllib3"
version = "1.26.13"
source = { registry = "https://download.pytorch.org/whl/xpu" }
wheels = [
    { url = "https://download.pytorch.org/whl/urllib3-1.26.13-py2.py3-none-any.whl", hash = "sha256:47cc05d99aaa09c9e72ed5809b60e7ba354e64b59c9c173ac3018642d8bb41fc" },
]
